{
    "_readme": [
        "This file locks the dependencies of your project to a known state",
        "Read more about it at http://getcomposer.org/doc/01-basic-usage.md#composer-lock-the-lock-file",
        "This file is @generated automatically"
    ],
    "hash": "8d9750c28eb1641853fbd3892ecdf64a",
    "packages": [
        {
            "name": "2amigos/yii2-multi-select-widget",
            "version": "dev-master",
            "source": {
                "type": "git",
                "url": "https://github.com/2amigos/yii2-multi-select-widget.git",
                "reference": "7e4f311019a0ebed58959e2081aa6bbc25fb2446"
            },
            "dist": {
                "type": "zip",
                "url": "https://api.github.com/repos/2amigos/yii2-multi-select-widget/zipball/7e4f311019a0ebed58959e2081aa6bbc25fb2446",
                "reference": "7e4f311019a0ebed58959e2081aa6bbc25fb2446",
                "shasum": ""
            },
            "require": {
                "yiisoft/yii2": "*"
            },
            "type": "yii2-extension",
            "autoload": {
                "psr-4": {
                    "dosamigos\\multiselect\\": ""
                }
            },
            "notification-url": "https://packagist.org/downloads/",
            "license": [
                "BSD-3-Clause"
            ],
            "authors": [
                {
                    "name": "Antonio Ramirez",
                    "email": "ramirez.cobos@gmail.com",
                    "homepage": "http://www.ramirezcobos.com"
                }
            ],
            "description": "Multiselect Bootstrap widget for Yii2.",
            "keywords": [
                "extension",
                "multiselect",
                "widget",
                "yii"
            ],
            "time": "2014-05-10 20:01:14"
        },
        {
            "name": "cebe/markdown",
            "version": "0.9.x-dev",
            "source": {
                "type": "git",
                "url": "https://github.com/cebe/markdown.git",
                "reference": "6a3c3737e9c1f4670f39a771f77b536126788ad2"
            },
            "dist": {
                "type": "zip",
                "url": "https://api.github.com/repos/cebe/markdown/zipball/6a3c3737e9c1f4670f39a771f77b536126788ad2",
                "reference": "6a3c3737e9c1f4670f39a771f77b536126788ad2",
                "shasum": ""
            },
            "require": {
                "lib-pcre": "*",
                "php": ">=5.4.0"
            },
            "require-dev": {
                "phpunit/phpunit": "3.7.*"
            },
            "bin": [
                "bin/markdown"
            ],
            "type": "library",
            "extra": {
                "branch-alias": {
                    "dev-master": "1.0.x-dev",
                    "dev-0.9.x-dev": "0.9.x-dev"
                }
            },
            "autoload": {
                "psr-4": {
                    "cebe\\markdown\\": ""
                }
            },
            "notification-url": "https://packagist.org/downloads/",
            "license": [
                "MIT"
            ],
            "authors": [
                {
                    "name": "Carsten Brandt",
                    "email": "mail@cebe.cc",
                    "homepage": "http://cebe.cc/",
                    "role": "Creator"
                }
            ],
            "description": "A super fast highly extensible markdown parser for PHP",
            "homepage": "https://github.com/cebe/markdown#readme",
            "keywords": [
                "extensible",
                "fast",
                "gfm",
                "markdown",
                "markdown-extra"
            ],
            "time": "2014-03-05 16:30:51"
        },
        {
            "name": "creocoder/yii2-nested-set-behavior",
            "version": "dev-master",
            "source": {
                "type": "git",
                "url": "https://github.com/creocoder/yii2-nested-set-behavior.git",
                "reference": "496a1ec0b19224e18f469c019db7e9d1758cf7a2"
            },
            "dist": {
                "type": "zip",
                "url": "https://api.github.com/repos/creocoder/yii2-nested-set-behavior/zipball/496a1ec0b19224e18f469c019db7e9d1758cf7a2",
                "reference": "496a1ec0b19224e18f469c019db7e9d1758cf7a2",
                "shasum": ""
            },
            "require": {
                "yiisoft/yii2": "*"
            },
            "type": "yii2-extension",
            "autoload": {
                "psr-4": {
                    "creocoder\\behaviors\\": ""
                }
            },
            "notification-url": "https://packagist.org/downloads/",
            "license": [
                "BSD-3-Clause"
            ],
            "authors": [
                {
                    "name": "Alexander Kochetov",
                    "email": "creocoder@gmail.com"
                }
            ],
            "description": "This extension allows you to get functional for nested set trees.",
            "homepage": "https://github.com/creocoder/yii2-nested-set-behavior",
            "keywords": [
                "Behavior",
                "extension",
                "nested set",
                "yii"
            ],
            "time": "2014-01-29 15:05:38"
        },
        {
            "name": "ezyang/htmlpurifier",
            "version": "v4.6.0",
            "source": {
                "type": "git",
                "url": "https://github.com/ezyang/htmlpurifier.git",
                "reference": "6f389f0f25b90d0b495308efcfa073981177f0fd"
            },
            "dist": {
                "type": "zip",
                "url": "https://api.github.com/repos/ezyang/htmlpurifier/zipball/6f389f0f25b90d0b495308efcfa073981177f0fd",
                "reference": "6f389f0f25b90d0b495308efcfa073981177f0fd",
                "shasum": ""
            },
            "require": {
                "php": ">=5.2"
            },
            "type": "library",
            "autoload": {
                "psr-0": {
                    "HTMLPurifier": "library/"
                },
                "files": [
                    "library/HTMLPurifier.composer.php"
                ]
            },
            "notification-url": "https://packagist.org/downloads/",
            "license": [
                "LGPL"
            ],
            "authors": [
                {
                    "name": "Edward Z. Yang",
                    "email": "admin@htmlpurifier.org",
                    "homepage": "http://ezyang.com",
                    "role": "Developer"
                }
            ],
            "description": "Standards compliant HTML filter written in PHP",
            "homepage": "http://htmlpurifier.org/",
            "keywords": [
                "html"
            ],
            "time": "2013-11-30 08:25:19"
        },
        {
            "name": "imagine/imagine",
            "version": "v0.5.0",
            "source": {
                "type": "git",
                "url": "https://github.com/avalanche123/Imagine.git",
                "reference": "f64ec666baaa800edcbf237db41121a569230709"
            },
            "dist": {
                "type": "zip",
                "url": "https://api.github.com/repos/avalanche123/Imagine/zipball/f64ec666baaa800edcbf237db41121a569230709",
                "reference": "f64ec666baaa800edcbf237db41121a569230709",
                "shasum": ""
            },
            "require": {
                "php": ">=5.3.2"
            },
            "require-dev": {
                "sami/sami": "dev-master"
            },
            "suggest": {
                "ext-gd": "to use the GD implementation",
                "ext-gmagick": "to use the Gmagick implementation",
                "ext-imagick": "to use the Imagick implementation"
            },
            "type": "library",
            "autoload": {
                "psr-0": {
                    "Imagine": "lib/"
                }
            },
            "notification-url": "https://packagist.org/downloads/",
            "license": [
                "MIT"
            ],
            "authors": [
                {
                    "name": "Bulat Shakirzyanov",
                    "email": "mallluhuct@gmail.com",
                    "homepage": "http://avalanche123.com"
                }
            ],
            "description": "Image processing for PHP 5.3",
            "homepage": "http://imagine.readthedocs.org/",
            "keywords": [
                "drawing",
                "graphics",
                "image manipulation",
                "image processing"
            ],
            "time": "2013-07-10 17:25:36"
        },
        {
            "name": "marciocamello/yii2-x-editable",
            "version": "dev-master",
            "source": {
                "type": "git",
                "url": "https://github.com/marciocamello/yii2-x-editable.git",
                "reference": "6e0b042db7240cc1ef99e40d45743e213e30b1be"
            },
            "dist": {
                "type": "zip",
                "url": "https://api.github.com/repos/marciocamello/yii2-x-editable/zipball/6e0b042db7240cc1ef99e40d45743e213e30b1be",
                "reference": "6e0b042db7240cc1ef99e40d45743e213e30b1be",
                "shasum": ""
            },
            "require": {
                "yiisoft/yii2": "*",
                "yiisoft/yii2-bootstrap": "*"
            },
            "type": "yii2-extension",
            "autoload": {
                "psr-4": {
                    "mcms\\xeditable\\": ""
                }
            },
            "notification-url": "https://packagist.org/downloads/",
            "license": [
                "BSD-3-Clause"
            ],
            "authors": [
                {
                    "name": "MarcioCamello",
                    "email": "marciocamello@outlook.com"
                }
            ],
            "description": "X-editable extensions for Yii 2, based in X-editable with Bootstrap",
            "keywords": [
                "extension",
                "mcms",
                "x-editable",
                "yii2"
            ],
            "time": "2014-08-08 13:22:56"
        },
        {
            "name": "mihaildev/yii2-ckeditor",
            "version": "dev-master",
            "source": {
                "type": "git",
                "url": "https://github.com/MihailDev/yii2-ckeditor.git",
                "reference": "afa29277740e3ae7008a11b6a25f923c47f47db6"
            },
            "dist": {
                "type": "zip",
                "url": "https://api.github.com/repos/MihailDev/yii2-ckeditor/zipball/afa29277740e3ae7008a11b6a25f923c47f47db6",
                "reference": "afa29277740e3ae7008a11b6a25f923c47f47db6",
                "shasum": ""
            },
            "require": {
                "yiisoft/yii2": "*"
            },
            "type": "yii2-extension",
            "autoload": {
                "psr-4": {
                    "mihaildev\\ckeditor\\": ""
                }
            },
            "notification-url": "https://packagist.org/downloads/",
            "license": [
                "BSD-3-Clause"
            ],
            "authors": [
                {
                    "name": "Mihail",
                    "email": "mihail.kucher@gmail.com",
                    "homepage": "https://github.com/MihailDev",
                    "role": "Developer"
                }
            ],
            "description": "Yii2 CKEditor",
            "homepage": "https://github.com/MihailDev/yii2-ckeditor",
            "keywords": [
                "CKEditor",
                "editor",
                "wysiwyg",
                "yii"
            ],
            "time": "2014-06-04 20:47:26"
        },
        {
            "name": "mihaildev/yii2-elfinder",
            "version": "dev-1.0.1.fix",
            "source": {
                "type": "git",
                "url": "https://github.com/webadmin87/yii2-elfinder.git",
                "reference": "9f812623fc897385050f2fd333de78400ac94212"
            },
            "dist": {
                "type": "zip",
                "url": "https://api.github.com/repos/webadmin87/yii2-elfinder/zipball/9f812623fc897385050f2fd333de78400ac94212",
                "reference": "9f812623fc897385050f2fd333de78400ac94212",
                "shasum": ""
            },
            "require": {
                "yiisoft/yii2-jui": "*"
            },
            "type": "yii2-extension",
            "autoload": {
                "psr-4": {
                    "mihaildev\\elfinder\\": ""
                }
            },
            "license": [
                "BSD-3-Clause"
            ],
            "authors": [
                {
                    "name": "Mihail",
                    "email": "mihail.kucher@gmail.com",
                    "homepage": "https://github.com/MihailDev",
                    "role": "Developer"
                }
            ],
            "description": "Yii2 ElFinder",
            "homepage": "https://github.com/MihailDev/yii2-elfinder",
            "keywords": [
                "elfinder",
                "filemanager",
                "yii"
            ],
            "support": {
                "source": "https://github.com/webadmin87/yii2-elfinder/tree/1.0.1.fix"
            },
            "time": "2014-09-23 11:01:00"
        },
        {
            "name": "newerton/fancy-box",
            "version": "dev-master",
            "source": {
                "type": "git",
                "url": "https://github.com/newerton/fancy-box.git",
                "reference": "ee714eeb8a81914619f8ab5c7c3a9fd72b1a2ce2"
            },
            "dist": {
                "type": "zip",
                "url": "https://api.github.com/repos/newerton/fancy-box/zipball/ee714eeb8a81914619f8ab5c7c3a9fd72b1a2ce2",
                "reference": "ee714eeb8a81914619f8ab5c7c3a9fd72b1a2ce2",
                "shasum": ""
            },
            "type": "library",
            "notification-url": "https://packagist.org/downloads/",
            "license": [
                "BSD-3-Clause"
            ],
            "authors": [
                {
                    "name": "Newerton Vargas de Araujo",
                    "homepage": "http://newerton.com.br",
                    "role": "Developer / Freelancer"
                }
            ],
            "description": "fancyBox is a tool that offers a nice and elegant way to add zooming functionality for images, html content and multi-media on your webpages",
            "homepage": "http://fancyapps.com/fancybox/",
            "keywords": [
                "fancyapps",
                "fancybox",
                "gallery",
                "jquery"
            ],
            "time": "2014-04-30 21:10:22"
        },
        {
            "name": "newerton/jquery-mousewheel",
            "version": "dev-master",
            "source": {
                "type": "git",
                "url": "https://github.com/newerton/jquery-mousewheel.git",
                "reference": "7786a0912e92521f963924fe37026f87eadfbe62"
            },
            "dist": {
                "type": "zip",
                "url": "https://api.github.com/repos/newerton/jquery-mousewheel/zipball/7786a0912e92521f963924fe37026f87eadfbe62",
                "reference": "7786a0912e92521f963924fe37026f87eadfbe62",
                "shasum": ""
            },
            "type": "library",
            "notification-url": "https://packagist.org/downloads/",
            "license": [
                "BSD-3-Clause"
            ],
            "authors": [
                {
                    "name": "Newerton Vargas de Araujo",
                    "homepage": "http://newerton.com.br",
                    "role": "Developer / Freelancer"
                }
            ],
            "description": "A jQuery plugin that adds cross-browser mouse wheel support.",
            "homepage": "https://github.com/brandonaaron/jquery-mousewheel",
            "keywords": [
                "jquery",
                "mouse",
                "mousewheel",
                "wheel"
            ],
            "time": "2014-04-30 19:29:53"
        },
        {
            "name": "newerton/yii2-fancybox",
            "version": "dev-master",
            "source": {
                "type": "git",
                "url": "https://github.com/newerton/yii2-fancybox.git",
                "reference": "e4808fb6394635eb2e07712a721c18258dfe1662"
            },
            "dist": {
                "type": "zip",
                "url": "https://api.github.com/repos/newerton/yii2-fancybox/zipball/e4808fb6394635eb2e07712a721c18258dfe1662",
                "reference": "e4808fb6394635eb2e07712a721c18258dfe1662",
                "shasum": ""
            },
            "require": {
                "newerton/fancy-box": "dev-master",
                "newerton/jquery-mousewheel": "dev-master",
                "php": ">=5.4.0",
                "yiisoft/yii2": "*"
            },
            "type": "yii2-extension",
            "autoload": {
                "psr-4": {
                    "newerton\\fancybox\\": ""
                }
            },
            "notification-url": "https://packagist.org/downloads/",
            "license": [
                "BSD-3-Clause"
            ],
            "authors": [
                {
                    "name": "Newerton Vargas de Araujo",
                    "email": "newerton.araujo@gmail.com"
                }
            ],
            "description": "fancyBox is a tool that offers a nice and elegant way to add zooming functionality for images, html content and multi-media on your webpages.",
            "keywords": [
                "extension",
                "fancyapps",
                "fancybox",
                "yii2"
            ],
            "time": "2014-07-02 06:17:11"
        },
        {
            "name": "nikic/php-parser",
            "version": "0.9.x-dev",
            "source": {
                "type": "git",
                "url": "https://github.com/nikic/PHP-Parser.git",
                "reference": "ef70767475434bdb3615b43c327e2cae17ef12eb"
            },
            "dist": {
                "type": "zip",
                "url": "https://api.github.com/repos/nikic/PHP-Parser/zipball/ef70767475434bdb3615b43c327e2cae17ef12eb",
                "reference": "ef70767475434bdb3615b43c327e2cae17ef12eb",
                "shasum": ""
            },
            "require": {
                "ext-tokenizer": "*",
                "php": ">=5.2"
            },
            "type": "library",
            "extra": {
                "branch-alias": {
                    "dev-master": "0.9-dev"
                }
            },
            "autoload": {
                "psr-0": {
                    "PHPParser": "lib/"
                }
            },
            "notification-url": "https://packagist.org/downloads/",
            "license": [
                "BSD-3-Clause"
            ],
            "authors": [
                {
                    "name": "Nikita Popov"
                }
            ],
            "description": "A PHP parser written in PHP",
            "keywords": [
                "parser",
                "php"
            ],
            "time": "2014-07-23 18:24:17"
        },
        {
            "name": "phpdocumentor/reflection",
            "version": "dev-master",
            "source": {
                "type": "git",
                "url": "https://github.com/phpDocumentor/Reflection.git",
                "reference": "f8b7926eb509f5c05f79826819d35c78226cf8d8"
            },
            "dist": {
                "type": "zip",
                "url": "https://api.github.com/repos/phpDocumentor/Reflection/zipball/f8b7926eb509f5c05f79826819d35c78226cf8d8",
                "reference": "f8b7926eb509f5c05f79826819d35c78226cf8d8",
                "shasum": ""
            },
            "require": {
                "nikic/php-parser": "~0.9.4",
                "php": ">=5.3.3",
                "phpdocumentor/reflection-docblock": "~2.0",
                "psr/log": "~1.0"
            },
            "require-dev": {
                "behat/behat": "~2.4",
                "mockery/mockery": "~0.8",
                "phpunit/phpunit": "~4.0"
            },
            "type": "library",
            "extra": {
                "branch-alias": {
                    "dev-master": "1.0.x-dev"
                }
            },
            "autoload": {
                "psr-0": {
                    "phpDocumentor": [
                        "src/",
                        "tests/unit/",
                        "tests/mocks/"
                    ]
                }
            },
            "notification-url": "https://packagist.org/downloads/",
            "license": [
                "MIT"
            ],
            "description": "Reflection library to do Static Analysis for PHP Projects",
            "homepage": "http://www.phpdoc.org",
            "keywords": [
                "phpDocumentor",
                "phpdoc",
                "reflection",
                "static analysis"
            ],
            "time": "2014-08-24 09:34:52"
        },
        {
            "name": "phpdocumentor/reflection-docblock",
            "version": "dev-master",
            "source": {
                "type": "git",
                "url": "https://github.com/phpDocumentor/ReflectionDocBlock.git",
                "reference": "fd0ac2007401505fb596fdfb859ec4e103d69e55"
            },
            "dist": {
                "type": "zip",
                "url": "https://api.github.com/repos/phpDocumentor/ReflectionDocBlock/zipball/fd0ac2007401505fb596fdfb859ec4e103d69e55",
                "reference": "fd0ac2007401505fb596fdfb859ec4e103d69e55",
                "shasum": ""
            },
            "require": {
                "php": ">=5.3.3"
            },
            "require-dev": {
                "phpunit/phpunit": "~4.0"
            },
            "suggest": {
                "dflydev/markdown": "~1.0",
                "erusev/parsedown": "~1.0"
            },
            "type": "library",
            "extra": {
                "branch-alias": {
                    "dev-master": "2.0.x-dev"
                }
            },
            "autoload": {
                "psr-0": {
                    "phpDocumentor": [
                        "src/"
                    ]
                }
            },
            "notification-url": "https://packagist.org/downloads/",
            "license": [
                "MIT"
            ],
            "authors": [
                {
                    "name": "Mike van Riel",
                    "email": "mike.vanriel@naenius.com"
                }
            ],
            "time": "2014-09-02 14:26:20"
        },
        {
            "name": "psr/log",
            "version": "dev-master",
            "source": {
                "type": "git",
                "url": "https://github.com/php-fig/log.git",
                "reference": "a78d6504ff5d4367497785ab2ade91db3a9fbe11"
            },
            "dist": {
                "type": "zip",
                "url": "https://api.github.com/repos/php-fig/log/zipball/a78d6504ff5d4367497785ab2ade91db3a9fbe11",
                "reference": "a78d6504ff5d4367497785ab2ade91db3a9fbe11",
                "shasum": ""
            },
            "type": "library",
            "extra": {
                "branch-alias": {
                    "dev-master": "1.0.x-dev"
                }
            },
            "autoload": {
                "psr-0": {
                    "Psr\\Log\\": ""
                }
            },
            "notification-url": "https://packagist.org/downloads/",
            "license": [
                "MIT"
            ],
            "authors": [
                {
                    "name": "PHP-FIG",
                    "homepage": "http://www.php-fig.org/"
                }
            ],
            "description": "Common interface for logging libraries",
            "keywords": [
                "log",
                "psr",
                "psr-3"
            ],
            "time": "2014-01-18 15:33:09"
        },
        {
            "name": "swiftmailer/swiftmailer",
            "version": "dev-master",
            "source": {
                "type": "git",
                "url": "https://github.com/swiftmailer/swiftmailer.git",
                "reference": "cd12d60cdd3b03de69a68a49089d85e119491b4d"
            },
            "dist": {
                "type": "zip",
                "url": "https://api.github.com/repos/swiftmailer/swiftmailer/zipball/cd12d60cdd3b03de69a68a49089d85e119491b4d",
                "reference": "cd12d60cdd3b03de69a68a49089d85e119491b4d",
                "shasum": ""
            },
            "require": {
                "php": ">=5.3.3"
            },
            "require-dev": {
                "mockery/mockery": "~0.9.1"
            },
            "type": "library",
            "extra": {
                "branch-alias": {
                    "dev-master": "5.3-dev"
                }
            },
            "autoload": {
                "files": [
                    "lib/swift_required.php"
                ]
            },
            "notification-url": "https://packagist.org/downloads/",
            "license": [
                "MIT"
            ],
            "authors": [
                {
                    "name": "Chris Corbyn"
                },
                {
                    "name": "Fabien Potencier",
                    "email": "fabien@symfony.com"
                }
            ],
            "description": "Swiftmailer, free feature-rich PHP mailer",
            "homepage": "http://swiftmailer.org",
            "keywords": [
                "mail",
                "mailer"
            ],
            "time": "2014-09-20 11:30:50"
        },
        {
            "name": "twbs/bootstrap",
            "version": "v3.0.3",
            "source": {
                "type": "git",
                "url": "https://github.com/twbs/bootstrap.git",
                "reference": "6d03173a1aad98e75f7d33e65b411c519176c59a"
            },
            "dist": {
                "type": "zip",
                "url": "https://api.github.com/repos/twbs/bootstrap/zipball/6d03173a1aad98e75f7d33e65b411c519176c59a",
                "reference": "6d03173a1aad98e75f7d33e65b411c519176c59a",
                "shasum": ""
            },
            "type": "library",
            "extra": {
                "branch-alias": {
                    "dev-master": "3.0.x-dev"
                }
            },
            "notification-url": "https://packagist.org/downloads/",
            "license": [
                "Apache-2.0"
            ],
            "authors": [
                {
                    "name": "Jacob Thornton",
                    "email": "jacobthornton@gmail.com"
                },
                {
                    "name": "Mark Otto",
                    "email": "markdotto@gmail.com"
                }
            ],
            "description": "Sleek, intuitive, and powerful mobile first front-end framework for faster and easier web development.",
            "homepage": "http://getbootstrap.com",
            "keywords": [
                "bootstrap",
                "css"
            ],
            "time": "2013-12-05 16:09:10"
        },
        {
            "name": "yiisoft/jquery",
            "version": "2.1.1",
            "source": {
                "type": "git",
                "url": "https://github.com/yiisoft/jquery.git",
                "reference": "bc09bbbc8b40cf89812036188b6f94ae7627c73c"
            },
            "dist": {
                "type": "zip",
                "url": "https://api.github.com/repos/yiisoft/jquery/zipball/bc09bbbc8b40cf89812036188b6f94ae7627c73c",
                "reference": "bc09bbbc8b40cf89812036188b6f94ae7627c73c",
                "shasum": ""
            },
            "type": "library",
            "notification-url": "https://packagist.org/downloads/",
            "license": [
                "MIT"
            ],
            "description": "jQuery JavaScript Library",
            "homepage": "http://jquery.com",
            "time": "2014-05-07 05:00:09"
        },
        {
            "name": "yiisoft/jquery-pjax",
            "version": "dev-master",
            "source": {
                "type": "git",
                "url": "https://github.com/yiisoft/jquery-pjax.git",
                "reference": "98caa41b39c0d8ab6fd4451ed249de7c0d05256a"
            },
            "dist": {
                "type": "zip",
                "url": "https://api.github.com/repos/yiisoft/jquery-pjax/zipball/98caa41b39c0d8ab6fd4451ed249de7c0d05256a",
                "reference": "98caa41b39c0d8ab6fd4451ed249de7c0d05256a",
                "shasum": ""
            },
            "require": {
                "yiisoft/jquery": ">=1.8"
            },
            "type": "library",
            "notification-url": "https://packagist.org/downloads/",
            "license": [
                "MIT"
            ],
            "description": "pushState + ajax = pjax, a forked maintainted by the Yii Framework core developers",
            "homepage": "https://github.com/yiisoft/jquery-pjax#readme",
            "time": "2014-09-02 18:40:28"
        },
        {
            "name": "yiisoft/yii2",
            "version": "2.0.0-beta",
            "source": {
                "type": "git",
                "url": "https://github.com/yiisoft/yii2-framework.git",
                "reference": "2a71e361b3cebf872ecaba45feaf23a7d2a1491d"
            },
            "dist": {
                "type": "zip",
                "url": "https://api.github.com/repos/yiisoft/yii2-framework/zipball/2a71e361b3cebf872ecaba45feaf23a7d2a1491d",
                "reference": "2a71e361b3cebf872ecaba45feaf23a7d2a1491d",
                "shasum": ""
            },
            "require": {
                "cebe/markdown": "0.9.*",
                "ext-mbstring": "*",
                "ezyang/htmlpurifier": "4.6.*",
                "lib-pcre": "*",
                "php": ">=5.4.0",
                "yiisoft/jquery": "~2.0 | ~1.10",
                "yiisoft/jquery-pjax": "*",
                "yiisoft/yii2-composer": "*"
            },
            "type": "library",
            "autoload": {
                "psr-4": {
                    "yii\\": ""
                }
            },
            "notification-url": "https://packagist.org/downloads/",
            "license": [
                "BSD-3-Clause"
            ],
            "authors": [
                {
                    "name": "Qiang Xue",
                    "email": "qiang.xue@gmail.com",
                    "homepage": "http://www.yiiframework.com/",
                    "role": "Founder and project lead"
                },
                {
                    "name": "Alexander Makarov",
                    "email": "sam@rmcreative.ru",
                    "homepage": "http://rmcreative.ru/",
                    "role": "Core framework development"
                },
                {
                    "name": "Maurizio Domba",
                    "homepage": "http://mdomba.info/",
                    "role": "Core framework development"
                },
                {
                    "name": "Carsten Brandt",
                    "email": "mail@cebe.cc",
                    "homepage": "http://cebe.cc/",
                    "role": "Core framework development"
                },
                {
                    "name": "Timur Ruziev",
                    "email": "resurtm@gmail.com",
                    "homepage": "http://resurtm.com/",
                    "role": "Core framework development"
                },
                {
                    "name": "Paul Klimov",
                    "email": "klimov.paul@gmail.com",
                    "role": "Core framework development"
                }
            ],
            "description": "Yii PHP Framework Version 2",
            "homepage": "http://www.yiiframework.com/",
            "keywords": [
                "framework",
                "yii2"
            ],
            "time": "2014-04-13 21:58:59"
        },
        {
            "name": "yiisoft/yii2-apidoc",
            "version": "2.0.0-beta",
            "source": {
                "type": "git",
                "url": "https://github.com/yiisoft/yii2-apidoc.git",
                "reference": "bb8cc0543f3d624d4e3d5985a72453dcebe67070"
            },
            "dist": {
                "type": "zip",
                "url": "https://api.github.com/repos/yiisoft/yii2-apidoc/zipball/bb8cc0543f3d624d4e3d5985a72453dcebe67070",
                "reference": "bb8cc0543f3d624d4e3d5985a72453dcebe67070",
                "shasum": ""
            },
            "require": {
                "nikic/php-parser": "0.9.*",
                "phpdocumentor/reflection": ">=1.0.3",
                "phpdocumentor/reflection-docblock": ">2.0.1",
                "yiisoft/yii2": "*",
                "yiisoft/yii2-bootstrap": "*"
            },
            "bin": [
                "apidoc"
            ],
            "type": "yii2-extension",
            "autoload": {
                "psr-4": {
                    "yii\\apidoc\\": ""
                }
            },
            "notification-url": "https://packagist.org/downloads/",
            "license": [
                "BSD-3-Clause"
            ],
            "authors": [
                {
                    "name": "Carsten Brandt",
                    "email": "mail@cebe.cc",
                    "homepage": "http://cebe.cc/",
                    "role": "Core framework development"
                }
            ],
            "description": "API Documentation generator for the Yii framework 2.0",
            "keywords": [
                "api",
                "apidoc",
                "documentation",
                "phpdoc",
                "yii2"
            ],
            "time": "2014-04-13 21:58:59"
        },
        {
            "name": "yiisoft/yii2-bootstrap",
            "version": "2.0.0-beta",
            "source": {
                "type": "git",
                "url": "https://github.com/yiisoft/yii2-bootstrap.git",
                "reference": "d2518d1f6fb0b3e0e3aba50b9c35f56d580eb3c4"
            },
            "dist": {
                "type": "zip",
                "url": "https://api.github.com/repos/yiisoft/yii2-bootstrap/zipball/d2518d1f6fb0b3e0e3aba50b9c35f56d580eb3c4",
                "reference": "d2518d1f6fb0b3e0e3aba50b9c35f56d580eb3c4",
                "shasum": ""
            },
            "require": {
                "twbs/bootstrap": "3.0.*",
                "yiisoft/yii2": "*"
            },
            "type": "yii2-extension",
            "autoload": {
                "psr-4": {
                    "yii\\bootstrap\\": ""
                }
            },
            "notification-url": "https://packagist.org/downloads/",
            "license": [
                "BSD-3-Clause"
            ],
            "authors": [
                {
                    "name": "Qiang Xue",
                    "email": "qiang.xue@gmail.com",
                    "homepage": "http://www.yiiframework.com/",
                    "role": "Founder and project lead"
                }
            ],
            "description": "The Twitter Bootstrap extension for the Yii framework",
            "keywords": [
                "bootstrap",
                "yii2"
            ],
            "time": "2014-04-13 21:58:59"
        },
        {
            "name": "yiisoft/yii2-composer",
            "version": "dev-master",
            "source": {
                "type": "git",
                "url": "https://github.com/yiisoft/yii2-composer.git",
                "reference": "0128e4a4bfd2647dc70c487da8c6c7d1ecc354fa"
            },
            "dist": {
                "type": "zip",
                "url": "https://api.github.com/repos/yiisoft/yii2-composer/zipball/0128e4a4bfd2647dc70c487da8c6c7d1ecc354fa",
                "reference": "0128e4a4bfd2647dc70c487da8c6c7d1ecc354fa",
                "shasum": ""
            },
            "require": {
                "composer-plugin-api": "1.0.0"
            },
            "type": "composer-plugin",
            "extra": {
                "class": "yii\\composer\\Plugin",
                "branch-alias": {
                    "dev-master": "2.0.x-dev"
                }
            },
            "autoload": {
                "psr-4": {
                    "yii\\composer\\": ""
                }
            },
            "notification-url": "https://packagist.org/downloads/",
            "license": [
                "BSD-3-Clause"
            ],
            "authors": [
                {
                    "name": "Qiang Xue",
                    "email": "qiang.xue@gmail.com"
                }
            ],
            "description": "The composer plugin for Yii extension installer",
            "keywords": [
                "composer",
                "extension installer",
                "yii2"
            ],
            "time": "2014-09-22 15:37:19"
        },
        {
            "name": "yiisoft/yii2-imagine",
            "version": "2.0.0-beta",
            "source": {
                "type": "git",
                "url": "https://github.com/yiisoft/yii2-imagine.git",
                "reference": "13e5a92cd6e2b1eedf63a3c556d3471b8d490713"
            },
            "dist": {
                "type": "zip",
                "url": "https://api.github.com/repos/yiisoft/yii2-imagine/zipball/13e5a92cd6e2b1eedf63a3c556d3471b8d490713",
                "reference": "13e5a92cd6e2b1eedf63a3c556d3471b8d490713",
                "shasum": ""
            },
            "require": {
                "imagine/imagine": "v0.5.0",
                "yiisoft/yii2": "*"
            },
            "type": "yii2-extension",
            "autoload": {
                "psr-4": {
                    "yii\\imagine\\": ""
                }
            },
            "notification-url": "https://packagist.org/downloads/",
            "license": [
                "BSD-3-Clause"
            ],
            "authors": [
                {
                    "name": "Antonio Ramirez",
                    "email": "amigo.cobos@gmail.com",
                    "homepage": "http://www.ramirezcobos.com",
                    "role": "Founder and development"
                }
            ],
            "description": "The Imagine integration for the Yii framework",
            "keywords": [
                "helper",
                "image",
                "imagine",
                "yii2"
            ],
            "time": "2014-04-13 21:58:59"
        },
        {
            "name": "yiisoft/yii2-jui",
            "version": "2.0.0-beta",
            "source": {
                "type": "git",
                "url": "https://github.com/yiisoft/yii2-jui.git",
                "reference": "24626ae44d56b86275e2dcdadf874bc21028a9f8"
            },
            "dist": {
                "type": "zip",
                "url": "https://api.github.com/repos/yiisoft/yii2-jui/zipball/24626ae44d56b86275e2dcdadf874bc21028a9f8",
                "reference": "24626ae44d56b86275e2dcdadf874bc21028a9f8",
                "shasum": ""
            },
            "require": {
                "yiisoft/yii2": "*"
            },
            "type": "yii2-extension",
            "autoload": {
                "psr-4": {
                    "yii\\jui\\": ""
                }
            },
            "notification-url": "https://packagist.org/downloads/",
            "license": [
                "BSD-3-Clause"
            ],
            "authors": [
                {
                    "name": "Qiang Xue",
                    "email": "qiang.xue@gmail.com",
                    "homepage": "http://www.yiiframework.com/",
                    "role": "Founder and project lead"
                }
            ],
            "description": "The Jquery UI extension for the Yii framework",
            "keywords": [
                "jQuery UI",
                "renderer",
                "yii2"
            ],
            "time": "2014-04-13 21:58:59"
        },
        {
            "name": "yiisoft/yii2-sphinx",
            "version": "2.0.0-beta",
            "source": {
                "type": "git",
                "url": "https://github.com/yiisoft/yii2-sphinx.git",
                "reference": "f8477e8815021e2340540a5e522369d04150e008"
            },
            "dist": {
                "type": "zip",
                "url": "https://api.github.com/repos/yiisoft/yii2-sphinx/zipball/f8477e8815021e2340540a5e522369d04150e008",
                "reference": "f8477e8815021e2340540a5e522369d04150e008",
                "shasum": ""
            },
            "require": {
                "ext-pdo": "*",
                "ext-pdo_mysql": "*",
                "yiisoft/yii2": "*"
            },
            "type": "yii2-extension",
            "autoload": {
                "psr-4": {
                    "yii\\sphinx\\": ""
                }
            },
            "notification-url": "https://packagist.org/downloads/",
            "license": [
                "BSD-3-Clause"
            ],
            "authors": [
                {
                    "name": "Paul Klimov",
                    "email": "klimov.paul@gmail.com",
                    "role": "Core framework development"
                }
            ],
            "description": "Sphinx full text search engine extension for the Yii framework",
            "keywords": [
                "active-record",
                "fulltext",
                "search",
                "sphinx",
                "yii2"
            ],
            "time": "2014-04-13 21:58:59"
        },
        {
            "name": "yiisoft/yii2-swiftmailer",
            "version": "2.0.0-beta",
            "source": {
                "type": "git",
                "url": "https://github.com/yiisoft/yii2-swiftmailer.git",
                "reference": "b14069c5d67ec19a36c83340de5c4b8df5acf3e2"
            },
            "dist": {
                "type": "zip",
                "url": "https://api.github.com/repos/yiisoft/yii2-swiftmailer/zipball/b14069c5d67ec19a36c83340de5c4b8df5acf3e2",
                "reference": "b14069c5d67ec19a36c83340de5c4b8df5acf3e2",
                "shasum": ""
            },
            "require": {
                "swiftmailer/swiftmailer": "*",
                "yiisoft/yii2": "*"
            },
            "type": "yii2-extension",
            "autoload": {
                "psr-4": {
                    "yii\\swiftmailer\\": ""
                }
            },
            "notification-url": "https://packagist.org/downloads/",
            "license": [
                "BSD-3-Clause"
            ],
            "authors": [
                {
                    "name": "Paul Klimov",
                    "email": "klimov.paul@gmail.com",
                    "role": "Core framework development"
                }
            ],
            "description": "The SwiftMailer integration for the Yii framework",
            "keywords": [
                "email",
                "mail",
                "mailer",
                "swift",
                "swiftmailer",
                "yii2"
            ],
            "time": "2014-04-13 21:58:59"
        }
    ],
    "packages-dev": [
        {
            "name": "phpspec/php-diff",
            "version": "dev-master",
            "source": {
                "type": "git",
                "url": "https://github.com/phpspec/php-diff.git",
                "reference": "30e103d19519fe678ae64a60d77884ef3d71b28a"
            },
            "dist": {
                "type": "zip",
                "url": "https://api.github.com/repos/phpspec/php-diff/zipball/30e103d19519fe678ae64a60d77884ef3d71b28a",
                "reference": "30e103d19519fe678ae64a60d77884ef3d71b28a",
                "shasum": ""
            },
            "type": "library",
            "autoload": {
                "psr-0": {
                    "Diff": "lib/"
                }
            },
            "notification-url": "https://packagist.org/downloads/",
            "license": [
                "BSD-3-Clause"
            ],
            "authors": [
                {
                    "name": "Chris Boulton",
                    "homepage": "http://github.com/chrisboulton"
                }
            ],
            "description": "A comprehensive library for generating differences between two hashable objects (strings or arrays).",
            "time": "2013-11-01 13:02:21"
        },
        {
            "name": "yiisoft/yii2-codeception",
            "version": "2.0.0-beta",
            "source": {
                "type": "git",
                "url": "https://github.com/yiisoft/yii2-codeception.git",
                "reference": "11af1a8575c3f19979a26fe78b04f012d70f8433"
            },
            "dist": {
                "type": "zip",
                "url": "https://api.github.com/repos/yiisoft/yii2-codeception/zipball/11af1a8575c3f19979a26fe78b04f012d70f8433",
                "reference": "11af1a8575c3f19979a26fe78b04f012d70f8433",
                "shasum": ""
            },
            "require": {
                "yiisoft/yii2": "*"
            },
            "type": "yii2-extension",
            "autoload": {
                "psr-4": {
                    "yii\\codeception\\": ""
                }
            },
            "notification-url": "https://packagist.org/downloads/",
            "license": [
                "BSD-3-Clause"
            ],
            "authors": [
                {
                    "name": "Mark Jebri",
                    "email": "mark.github@yandex.ru"
                }
            ],
            "description": "The Codeception integration for the Yii framework",
            "keywords": [
                "codeception",
                "yii2"
            ],
            "time": "2014-04-13 21:58:59"
        },
        {
            "name": "yiisoft/yii2-debug",
            "version": "2.0.0-beta",
            "source": {
                "type": "git",
                "url": "https://github.com/yiisoft/yii2-debug.git",
                "reference": "003604bda8516794b16a0e00bd134e1ce9b7b6dc"
            },
            "dist": {
                "type": "zip",
                "url": "https://api.github.com/repos/yiisoft/yii2-debug/zipball/003604bda8516794b16a0e00bd134e1ce9b7b6dc",
                "reference": "003604bda8516794b16a0e00bd134e1ce9b7b6dc",
                "shasum": ""
            },
            "require": {
                "yiisoft/yii2": "*",
                "yiisoft/yii2-bootstrap": "*"
            },
            "type": "yii2-extension",
            "autoload": {
                "psr-4": {
                    "yii\\debug\\": ""
                }
            },
            "notification-url": "https://packagist.org/downloads/",
            "license": [
                "BSD-3-Clause"
            ],
            "authors": [
                {
                    "name": "Qiang Xue",
                    "email": "qiang.xue@gmail.com",
                    "homepage": "http://www.yiiframework.com/",
                    "role": "Founder and project lead"
                }
            ],
            "description": "The debugger extension for the Yii framework",
            "keywords": [
                "debug",
                "debugger",
                "yii2"
            ],
            "time": "2014-04-13 21:58:59"
        },
        {
            "name": "yiisoft/yii2-gii",
            "version": "2.0.0-beta",
            "source": {
                "type": "git",
                "url": "https://github.com/yiisoft/yii2-gii.git",
                "reference": "25c74e5f8f5c75bc3d76c26c44bcd132cb3af212"
            },
            "dist": {
                "type": "zip",
                "url": "https://api.github.com/repos/yiisoft/yii2-gii/zipball/25c74e5f8f5c75bc3d76c26c44bcd132cb3af212",
                "reference": "25c74e5f8f5c75bc3d76c26c44bcd132cb3af212",
                "shasum": ""
            },
            "require": {
                "phpspec/php-diff": ">=1.0.2",
                "yiisoft/yii2": "*",
                "yiisoft/yii2-bootstrap": "*"
            },
            "type": "yii2-extension",
            "autoload": {
                "psr-4": {
                    "yii\\gii\\": ""
                }
            },
            "notification-url": "https://packagist.org/downloads/",
            "license": [
                "BSD-3-Clause"
            ],
            "authors": [
                {
                    "name": "Qiang Xue",
                    "email": "qiang.xue@gmail.com",
                    "homepage": "http://www.yiiframework.com/",
                    "role": "Founder and project lead"
                }
            ],
            "description": "The Gii extension for the Yii framework",
            "keywords": [
                "code generator",
                "gii",
                "yii2"
            ],
            "time": "2014-04-13 21:58:59"
        }
    ],
    "aliases": [

    ],
    "minimum-stability": "dev",
    "stability-flags": {
        "mihaildev/yii2-elfinder": 20,
        "marciocamello/yii2-x-editable": 20,
        "newerton/yii2-fancybox": 20
    },
    "prefer-stable": false,
    "platform": {
        "php": ">=5.4.0"
    },
    "platform-dev": [

    ]
}
